
Microsoft Visual Studio Solution File, Format Version 12.00
# Visual Studio Version 16
VisualStudioVersion = 16.0.31729.503
MinimumVisualStudioVersion = 10.0.40219.1
Project("{9A19103F-16F7-4668-BE54-9A1E7A4F7556}") = "MalgreTout", "MalgreTout\MalgreTout.csproj", "{92F62C2E-AB32-4E50-896E-0F983EE347BF}"
EndProject
Global
	GlobalSection(SolutionConfigurationPlatforms) = preSolution
		Debug|Any CPU = Debug|Any CPU
		Release|Any CPU = Release|Any CPU
	EndGlobalSection
	GlobalSection(ProjectConfigurationPlatforms) = postSolution
		{92F62C2E-AB32-4E50-896E-0F983EE347BF}.Debug|Any CPU.ActiveCfg = Debug|Any CPU
		{92F62C2E-AB32-4E50-896E-0F983EE347BF}.Debug|Any CPU.Build.0 = Debug|Any CPU
		{92F62C2E-AB32-4E50-896E-0F983EE347BF}.Release|Any CPU.ActiveCfg = Release|Any CPU
		{92F62C2E-AB32-4E50-896E-0F983EE347BF}.Release|Any CPU.Build.0 = Release|Any CPU
	EndGlobalSection
	GlobalSection(SolutionProperties) = preSolution
		HideSolutionNode = FALSE
	EndGlobalSection
	GlobalSection(ExtensibilityGlobals) = postSolution
		SolutionGuid = {0C4919AB-DD14-4E8A-8EC5-4218A93083FD}
	EndGlobalSection
EndGlobal
